
Microsoft Visual Studio Solution File, Format Version 12.00
<<<<<<< HEAD
# Visual Studio 14
VisualStudioVersion = 14.0.25420.1
MinimumVisualStudioVersion = 10.0.40219.1
Project("{FAE04EC0-301F-11D3-BF4B-00C04F79EFBC}") = "LuceneFaker.App", "LuceneFaker.App\LuceneFaker.App.csproj", "{989ED35E-99D2-46FD-86EF-F77E973A6979}"
EndProject
Project("{FAE04EC0-301F-11D3-BF4B-00C04F79EFBC}") = "LuceneFaker.Repository", "LuceneFaker.Repository\LuceneFaker.Repository.csproj", "{08B79A33-9C12-47B3-88A2-45512693A4C3}"
EndProject
Project("{FAE04EC0-301F-11D3-BF4B-00C04F79EFBC}") = "LuceneFaker.Services", "LuceneFaker.Services\LuceneFaker.Services.csproj", "{96A6AB2D-9D31-49E9-958D-DD9F8B3E682E}"
EndProject
Project("{FAE04EC0-301F-11D3-BF4B-00C04F79EFBC}") = "LuceneFaker.Tests", "LuceneFaker.Tests\LuceneFaker.Tests.csproj", "{747C70C5-16A4-4E89-A79D-B1F8F0949C4E}"
EndProject
Project("{FAE04EC0-301F-11D3-BF4B-00C04F79EFBC}") = "LuceneFaker.Models", "LuceneFaker.Models\LuceneFaker.Models.csproj", "{3B884C06-5050-4B8C-8DC1-62FD1C33EA89}"
EndProject
Project("{2150E333-8FDC-42A3-9474-1A3956D46DE8}") = "Framework", "Framework", "{F52C594D-8823-44D8-8CCA-3A0A38CCFCEA}"
EndProject
Project("{2150E333-8FDC-42A3-9474-1A3956D46DE8}") = "Testing", "Testing", "{00471D27-FEF1-4C6F-B691-8650D79ADA3F}"
=======
# Visual Studio 15
VisualStudioVersion = 15.0.26430.6
MinimumVisualStudioVersion = 15.0.26124.0
Project("{9A19103F-16F7-4668-BE54-9A1E7A4F7556}") = "LuceneFaker.App", "LuceneFaker.App\LuceneFaker.App.csproj", "{2F450C06-8592-411F-9991-97BF48AB28CF}"
EndProject
Project("{9A19103F-16F7-4668-BE54-9A1E7A4F7556}") = "LuceneFaker.Models", "LuceneFaker.Models\LuceneFaker.Models.csproj", "{22739D04-4547-428D-8150-16620414C18C}"
EndProject
Project("{9A19103F-16F7-4668-BE54-9A1E7A4F7556}") = "LuceneFaker.Repository", "LuceneFaker.Repository\LuceneFaker.Repository.csproj", "{56F073ED-BFD8-4BD8-B5C2-052DC8C13B2A}"
EndProject
Project("{9A19103F-16F7-4668-BE54-9A1E7A4F7556}") = "LuceneFaker.Services", "LuceneFaker.Services\LuceneFaker.Services.csproj", "{4260305C-1A5F-49C7-A9D5-C69129CFC899}"
EndProject
Project("{9A19103F-16F7-4668-BE54-9A1E7A4F7556}") = "LuceneFaker.Tests", "LuceneFaker.Tests\LuceneFaker.Tests.csproj", "{FFEFD83C-8B3B-4822-8F4A-4E15945E2247}"
EndProject
Project("{2150E333-8FDC-42A3-9474-1A3956D46DE8}") = "Testing", "Testing", "{30AECB93-CF87-4258-A6C6-D895CB43FD87}"
EndProject
Project("{2150E333-8FDC-42A3-9474-1A3956D46DE8}") = "Framework", "Framework", "{E8ACC407-9C09-4D0E-89B0-13AC1DD27021}"
>>>>>>> 60f5c258ccc7d91fa8ba01df820e60170e802ade
EndProject
Global
	GlobalSection(SolutionConfigurationPlatforms) = preSolution
		Debug|Any CPU = Debug|Any CPU
		Release|Any CPU = Release|Any CPU
	EndGlobalSection
	GlobalSection(ProjectConfigurationPlatforms) = postSolution
		{989ED35E-99D2-46FD-86EF-F77E973A6979}.Debug|Any CPU.ActiveCfg = Debug|Any CPU
		{989ED35E-99D2-46FD-86EF-F77E973A6979}.Debug|Any CPU.Build.0 = Debug|Any CPU
		{989ED35E-99D2-46FD-86EF-F77E973A6979}.Release|Any CPU.ActiveCfg = Release|Any CPU
		{989ED35E-99D2-46FD-86EF-F77E973A6979}.Release|Any CPU.Build.0 = Release|Any CPU
		{08B79A33-9C12-47B3-88A2-45512693A4C3}.Debug|Any CPU.ActiveCfg = Debug|Any CPU
		{08B79A33-9C12-47B3-88A2-45512693A4C3}.Debug|Any CPU.Build.0 = Debug|Any CPU
		{08B79A33-9C12-47B3-88A2-45512693A4C3}.Release|Any CPU.ActiveCfg = Release|Any CPU
		{08B79A33-9C12-47B3-88A2-45512693A4C3}.Release|Any CPU.Build.0 = Release|Any CPU
		{96A6AB2D-9D31-49E9-958D-DD9F8B3E682E}.Debug|Any CPU.ActiveCfg = Debug|Any CPU
		{96A6AB2D-9D31-49E9-958D-DD9F8B3E682E}.Debug|Any CPU.Build.0 = Debug|Any CPU
		{96A6AB2D-9D31-49E9-958D-DD9F8B3E682E}.Release|Any CPU.ActiveCfg = Release|Any CPU
		{96A6AB2D-9D31-49E9-958D-DD9F8B3E682E}.Release|Any CPU.Build.0 = Release|Any CPU
		{747C70C5-16A4-4E89-A79D-B1F8F0949C4E}.Debug|Any CPU.ActiveCfg = Debug|Any CPU
		{747C70C5-16A4-4E89-A79D-B1F8F0949C4E}.Debug|Any CPU.Build.0 = Debug|Any CPU
		{747C70C5-16A4-4E89-A79D-B1F8F0949C4E}.Release|Any CPU.ActiveCfg = Release|Any CPU
		{747C70C5-16A4-4E89-A79D-B1F8F0949C4E}.Release|Any CPU.Build.0 = Release|Any CPU
		{3B884C06-5050-4B8C-8DC1-62FD1C33EA89}.Debug|Any CPU.ActiveCfg = Debug|Any CPU
		{3B884C06-5050-4B8C-8DC1-62FD1C33EA89}.Debug|Any CPU.Build.0 = Debug|Any CPU
		{3B884C06-5050-4B8C-8DC1-62FD1C33EA89}.Release|Any CPU.ActiveCfg = Release|Any CPU
		{3B884C06-5050-4B8C-8DC1-62FD1C33EA89}.Release|Any CPU.Build.0 = Release|Any CPU
	EndGlobalSection
	GlobalSection(ProjectConfigurationPlatforms) = postSolution
		{2F450C06-8592-411F-9991-97BF48AB28CF}.Debug|Any CPU.ActiveCfg = Debug|Any CPU
		{2F450C06-8592-411F-9991-97BF48AB28CF}.Debug|Any CPU.Build.0 = Debug|Any CPU
		{2F450C06-8592-411F-9991-97BF48AB28CF}.Debug|x64.ActiveCfg = Debug|Any CPU
		{2F450C06-8592-411F-9991-97BF48AB28CF}.Debug|x64.Build.0 = Debug|Any CPU
		{2F450C06-8592-411F-9991-97BF48AB28CF}.Debug|x86.ActiveCfg = Debug|Any CPU
		{2F450C06-8592-411F-9991-97BF48AB28CF}.Debug|x86.Build.0 = Debug|Any CPU
		{2F450C06-8592-411F-9991-97BF48AB28CF}.Release|Any CPU.ActiveCfg = Release|Any CPU
		{2F450C06-8592-411F-9991-97BF48AB28CF}.Release|Any CPU.Build.0 = Release|Any CPU
		{2F450C06-8592-411F-9991-97BF48AB28CF}.Release|x64.ActiveCfg = Release|Any CPU
		{2F450C06-8592-411F-9991-97BF48AB28CF}.Release|x64.Build.0 = Release|Any CPU
		{2F450C06-8592-411F-9991-97BF48AB28CF}.Release|x86.ActiveCfg = Release|Any CPU
		{2F450C06-8592-411F-9991-97BF48AB28CF}.Release|x86.Build.0 = Release|Any CPU
		{22739D04-4547-428D-8150-16620414C18C}.Debug|Any CPU.ActiveCfg = Debug|Any CPU
		{22739D04-4547-428D-8150-16620414C18C}.Debug|Any CPU.Build.0 = Debug|Any CPU
		{22739D04-4547-428D-8150-16620414C18C}.Debug|x64.ActiveCfg = Debug|Any CPU
		{22739D04-4547-428D-8150-16620414C18C}.Debug|x64.Build.0 = Debug|Any CPU
		{22739D04-4547-428D-8150-16620414C18C}.Debug|x86.ActiveCfg = Debug|Any CPU
		{22739D04-4547-428D-8150-16620414C18C}.Debug|x86.Build.0 = Debug|Any CPU
		{22739D04-4547-428D-8150-16620414C18C}.Release|Any CPU.ActiveCfg = Release|Any CPU
		{22739D04-4547-428D-8150-16620414C18C}.Release|Any CPU.Build.0 = Release|Any CPU
		{22739D04-4547-428D-8150-16620414C18C}.Release|x64.ActiveCfg = Release|Any CPU
		{22739D04-4547-428D-8150-16620414C18C}.Release|x64.Build.0 = Release|Any CPU
		{22739D04-4547-428D-8150-16620414C18C}.Release|x86.ActiveCfg = Release|Any CPU
		{22739D04-4547-428D-8150-16620414C18C}.Release|x86.Build.0 = Release|Any CPU
		{56F073ED-BFD8-4BD8-B5C2-052DC8C13B2A}.Debug|Any CPU.ActiveCfg = Debug|Any CPU
		{56F073ED-BFD8-4BD8-B5C2-052DC8C13B2A}.Debug|Any CPU.Build.0 = Debug|Any CPU
		{56F073ED-BFD8-4BD8-B5C2-052DC8C13B2A}.Debug|x64.ActiveCfg = Debug|Any CPU
		{56F073ED-BFD8-4BD8-B5C2-052DC8C13B2A}.Debug|x64.Build.0 = Debug|Any CPU
		{56F073ED-BFD8-4BD8-B5C2-052DC8C13B2A}.Debug|x86.ActiveCfg = Debug|Any CPU
		{56F073ED-BFD8-4BD8-B5C2-052DC8C13B2A}.Debug|x86.Build.0 = Debug|Any CPU
		{56F073ED-BFD8-4BD8-B5C2-052DC8C13B2A}.Release|Any CPU.ActiveCfg = Release|Any CPU
		{56F073ED-BFD8-4BD8-B5C2-052DC8C13B2A}.Release|Any CPU.Build.0 = Release|Any CPU
		{56F073ED-BFD8-4BD8-B5C2-052DC8C13B2A}.Release|x64.ActiveCfg = Release|Any CPU
		{56F073ED-BFD8-4BD8-B5C2-052DC8C13B2A}.Release|x64.Build.0 = Release|Any CPU
		{56F073ED-BFD8-4BD8-B5C2-052DC8C13B2A}.Release|x86.ActiveCfg = Release|Any CPU
		{56F073ED-BFD8-4BD8-B5C2-052DC8C13B2A}.Release|x86.Build.0 = Release|Any CPU
		{4260305C-1A5F-49C7-A9D5-C69129CFC899}.Debug|Any CPU.ActiveCfg = Debug|Any CPU
		{4260305C-1A5F-49C7-A9D5-C69129CFC899}.Debug|Any CPU.Build.0 = Debug|Any CPU
		{4260305C-1A5F-49C7-A9D5-C69129CFC899}.Debug|x64.ActiveCfg = Debug|Any CPU
		{4260305C-1A5F-49C7-A9D5-C69129CFC899}.Debug|x64.Build.0 = Debug|Any CPU
		{4260305C-1A5F-49C7-A9D5-C69129CFC899}.Debug|x86.ActiveCfg = Debug|Any CPU
		{4260305C-1A5F-49C7-A9D5-C69129CFC899}.Debug|x86.Build.0 = Debug|Any CPU
		{4260305C-1A5F-49C7-A9D5-C69129CFC899}.Release|Any CPU.ActiveCfg = Release|Any CPU
		{4260305C-1A5F-49C7-A9D5-C69129CFC899}.Release|Any CPU.Build.0 = Release|Any CPU
		{4260305C-1A5F-49C7-A9D5-C69129CFC899}.Release|x64.ActiveCfg = Release|Any CPU
		{4260305C-1A5F-49C7-A9D5-C69129CFC899}.Release|x64.Build.0 = Release|Any CPU
		{4260305C-1A5F-49C7-A9D5-C69129CFC899}.Release|x86.ActiveCfg = Release|Any CPU
		{4260305C-1A5F-49C7-A9D5-C69129CFC899}.Release|x86.Build.0 = Release|Any CPU
		{FFEFD83C-8B3B-4822-8F4A-4E15945E2247}.Debug|Any CPU.ActiveCfg = Debug|Any CPU
		{FFEFD83C-8B3B-4822-8F4A-4E15945E2247}.Debug|Any CPU.Build.0 = Debug|Any CPU
		{FFEFD83C-8B3B-4822-8F4A-4E15945E2247}.Debug|x64.ActiveCfg = Debug|Any CPU
		{FFEFD83C-8B3B-4822-8F4A-4E15945E2247}.Debug|x64.Build.0 = Debug|Any CPU
		{FFEFD83C-8B3B-4822-8F4A-4E15945E2247}.Debug|x86.ActiveCfg = Debug|Any CPU
		{FFEFD83C-8B3B-4822-8F4A-4E15945E2247}.Debug|x86.Build.0 = Debug|Any CPU
		{FFEFD83C-8B3B-4822-8F4A-4E15945E2247}.Release|Any CPU.ActiveCfg = Release|Any CPU
		{FFEFD83C-8B3B-4822-8F4A-4E15945E2247}.Release|Any CPU.Build.0 = Release|Any CPU
		{FFEFD83C-8B3B-4822-8F4A-4E15945E2247}.Release|x64.ActiveCfg = Release|Any CPU
		{FFEFD83C-8B3B-4822-8F4A-4E15945E2247}.Release|x64.Build.0 = Release|Any CPU
		{FFEFD83C-8B3B-4822-8F4A-4E15945E2247}.Release|x86.ActiveCfg = Release|Any CPU
		{FFEFD83C-8B3B-4822-8F4A-4E15945E2247}.Release|x86.Build.0 = Release|Any CPU
	EndGlobalSection
	GlobalSection(SolutionProperties) = preSolution
		HideSolutionNode = FALSE
	EndGlobalSection
	GlobalSection(NestedProjects) = preSolution
<<<<<<< HEAD
		{08B79A33-9C12-47B3-88A2-45512693A4C3} = {F52C594D-8823-44D8-8CCA-3A0A38CCFCEA}
		{96A6AB2D-9D31-49E9-958D-DD9F8B3E682E} = {F52C594D-8823-44D8-8CCA-3A0A38CCFCEA}
		{747C70C5-16A4-4E89-A79D-B1F8F0949C4E} = {00471D27-FEF1-4C6F-B691-8650D79ADA3F}
		{3B884C06-5050-4B8C-8DC1-62FD1C33EA89} = {F52C594D-8823-44D8-8CCA-3A0A38CCFCEA}
=======
		{22739D04-4547-428D-8150-16620414C18C} = {E8ACC407-9C09-4D0E-89B0-13AC1DD27021}
		{56F073ED-BFD8-4BD8-B5C2-052DC8C13B2A} = {E8ACC407-9C09-4D0E-89B0-13AC1DD27021}
		{4260305C-1A5F-49C7-A9D5-C69129CFC899} = {E8ACC407-9C09-4D0E-89B0-13AC1DD27021}
		{FFEFD83C-8B3B-4822-8F4A-4E15945E2247} = {30AECB93-CF87-4258-A6C6-D895CB43FD87}
>>>>>>> 60f5c258ccc7d91fa8ba01df820e60170e802ade
	EndGlobalSection
EndGlobal
