
Microsoft Visual Studio Solution File, Format Version 12.00
# Visual Studio 15
VisualStudioVersion = 15.0.26430.6
MinimumVisualStudioVersion = 15.0.26124.0
Project("{9A19103F-16F7-4668-BE54-9A1E7A4F7556}") = "LuceneFaker.App", "LuceneFaker.App\LuceneFaker.App.csproj", "{2F450C06-8592-411F-9991-97BF48AB28CF}"
EndProject
Project("{9A19103F-16F7-4668-BE54-9A1E7A4F7556}") = "LuceneFaker.Models", "LuceneFaker.Models\LuceneFaker.Models.csproj", "{22739D04-4547-428D-8150-16620414C18C}"
EndProject
Project("{9A19103F-16F7-4668-BE54-9A1E7A4F7556}") = "LuceneFaker.Repository", "LuceneFaker.Repository\LuceneFaker.Repository.csproj", "{56F073ED-BFD8-4BD8-B5C2-052DC8C13B2A}"
EndProject
Project("{9A19103F-16F7-4668-BE54-9A1E7A4F7556}") = "LuceneFaker.Services", "LuceneFaker.Services\LuceneFaker.Services.csproj", "{4260305C-1A5F-49C7-A9D5-C69129CFC899}"
EndProject
Project("{9A19103F-16F7-4668-BE54-9A1E7A4F7556}") = "LuceneFaker.Tests", "LuceneFaker.Tests\LuceneFaker.Tests.csproj", "{FFEFD83C-8B3B-4822-8F4A-4E15945E2247}"
EndProject
Project("{2150E333-8FDC-42A3-9474-1A3956D46DE8}") = "Testing", "Testing", "{30AECB93-CF87-4258-A6C6-D895CB43FD87}"
EndProject
Project("{2150E333-8FDC-42A3-9474-1A3956D46DE8}") = "Framework", "Framework", "{E8ACC407-9C09-4D0E-89B0-13AC1DD27021}"
EndProject
Global
	GlobalSection(SolutionConfigurationPlatforms) = preSolution
		Debug|Any CPU = Debug|Any CPU
		Debug|x64 = Debug|x64
		Debug|x86 = Debug|x86
		Release|Any CPU = Release|Any CPU
		Release|x64 = Release|x64
		Release|x86 = Release|x86
	EndGlobalSection
	GlobalSection(ProjectConfigurationPlatforms) = postSolution
		{2F450C06-8592-411F-9991-97BF48AB28CF}.Debug|Any CPU.ActiveCfg = Debug|Any CPU
		{2F450C06-8592-411F-9991-97BF48AB28CF}.Debug|Any CPU.Build.0 = Debug|Any CPU
		{2F450C06-8592-411F-9991-97BF48AB28CF}.Debug|x64.ActiveCfg = Debug|Any CPU
		{2F450C06-8592-411F-9991-97BF48AB28CF}.Debug|x64.Build.0 = Debug|Any CPU
		{2F450C06-8592-411F-9991-97BF48AB28CF}.Debug|x86.ActiveCfg = Debug|Any CPU
		{2F450C06-8592-411F-9991-97BF48AB28CF}.Debug|x86.Build.0 = Debug|Any CPU
		{2F450C06-8592-411F-9991-97BF48AB28CF}.Release|Any CPU.ActiveCfg = Release|Any CPU
		{2F450C06-8592-411F-9991-97BF48AB28CF}.Release|Any CPU.Build.0 = Release|Any CPU
		{2F450C06-8592-411F-9991-97BF48AB28CF}.Release|x64.ActiveCfg = Release|Any CPU
		{2F450C06-8592-411F-9991-97BF48AB28CF}.Release|x64.Build.0 = Release|Any CPU
		{2F450C06-8592-411F-9991-97BF48AB28CF}.Release|x86.ActiveCfg = Release|Any CPU
		{2F450C06-8592-411F-9991-97BF48AB28CF}.Release|x86.Build.0 = Release|Any CPU
		{22739D04-4547-428D-8150-16620414C18C}.Debug|Any CPU.ActiveCfg = Debug|Any CPU
		{22739D04-4547-428D-8150-16620414C18C}.Debug|Any CPU.Build.0 = Debug|Any CPU
		{22739D04-4547-428D-8150-16620414C18C}.Debug|x64.ActiveCfg = Debug|Any CPU
		{22739D04-4547-428D-8150-16620414C18C}.Debug|x64.Build.0 = Debug|Any CPU
		{22739D04-4547-428D-8150-16620414C18C}.Debug|x86.ActiveCfg = Debug|Any CPU
		{22739D04-4547-428D-8150-16620414C18C}.Debug|x86.Build.0 = Debug|Any CPU
		{22739D04-4547-428D-8150-16620414C18C}.Release|Any CPU.ActiveCfg = Release|Any CPU
		{22739D04-4547-428D-8150-16620414C18C}.Release|Any CPU.Build.0 = Release|Any CPU
		{22739D04-4547-428D-8150-16620414C18C}.Release|x64.ActiveCfg = Release|Any CPU
		{22739D04-4547-428D-8150-16620414C18C}.Release|x64.Build.0 = Release|Any CPU
		{22739D04-4547-428D-8150-16620414C18C}.Release|x86.ActiveCfg = Release|Any CPU
		{22739D04-4547-428D-8150-16620414C18C}.Release|x86.Build.0 = Release|Any CPU
		{56F073ED-BFD8-4BD8-B5C2-052DC8C13B2A}.Debug|Any CPU.ActiveCfg = Debug|Any CPU
		{56F073ED-BFD8-4BD8-B5C2-052DC8C13B2A}.Debug|Any CPU.Build.0 = Debug|Any CPU
		{56F073ED-BFD8-4BD8-B5C2-052DC8C13B2A}.Debug|x64.ActiveCfg = Debug|Any CPU
		{56F073ED-BFD8-4BD8-B5C2-052DC8C13B2A}.Debug|x64.Build.0 = Debug|Any CPU
		{56F073ED-BFD8-4BD8-B5C2-052DC8C13B2A}.Debug|x86.ActiveCfg = Debug|Any CPU
		{56F073ED-BFD8-4BD8-B5C2-052DC8C13B2A}.Debug|x86.Build.0 = Debug|Any CPU
		{56F073ED-BFD8-4BD8-B5C2-052DC8C13B2A}.Release|Any CPU.ActiveCfg = Release|Any CPU
		{56F073ED-BFD8-4BD8-B5C2-052DC8C13B2A}.Release|Any CPU.Build.0 = Release|Any CPU
		{56F073ED-BFD8-4BD8-B5C2-052DC8C13B2A}.Release|x64.ActiveCfg = Release|Any CPU
		{56F073ED-BFD8-4BD8-B5C2-052DC8C13B2A}.Release|x64.Build.0 = Release|Any CPU
		{56F073ED-BFD8-4BD8-B5C2-052DC8C13B2A}.Release|x86.ActiveCfg = Release|Any CPU
		{56F073ED-BFD8-4BD8-B5C2-052DC8C13B2A}.Release|x86.Build.0 = Release|Any CPU
		{4260305C-1A5F-49C7-A9D5-C69129CFC899}.Debug|Any CPU.ActiveCfg = Debug|Any CPU
		{4260305C-1A5F-49C7-A9D5-C69129CFC899}.Debug|Any CPU.Build.0 = Debug|Any CPU
		{4260305C-1A5F-49C7-A9D5-C69129CFC899}.Debug|x64.ActiveCfg = Debug|Any CPU
		{4260305C-1A5F-49C7-A9D5-C69129CFC899}.Debug|x64.Build.0 = Debug|Any CPU
		{4260305C-1A5F-49C7-A9D5-C69129CFC899}.Debug|x86.ActiveCfg = Debug|Any CPU
		{4260305C-1A5F-49C7-A9D5-C69129CFC899}.Debug|x86.Build.0 = Debug|Any CPU
		{4260305C-1A5F-49C7-A9D5-C69129CFC899}.Release|Any CPU.ActiveCfg = Release|Any CPU
		{4260305C-1A5F-49C7-A9D5-C69129CFC899}.Release|Any CPU.Build.0 = Release|Any CPU
		{4260305C-1A5F-49C7-A9D5-C69129CFC899}.Release|x64.ActiveCfg = Release|Any CPU
		{4260305C-1A5F-49C7-A9D5-C69129CFC899}.Release|x64.Build.0 = Release|Any CPU
		{4260305C-1A5F-49C7-A9D5-C69129CFC899}.Release|x86.ActiveCfg = Release|Any CPU
		{4260305C-1A5F-49C7-A9D5-C69129CFC899}.Release|x86.Build.0 = Release|Any CPU
		{FFEFD83C-8B3B-4822-8F4A-4E15945E2247}.Debug|Any CPU.ActiveCfg = Debug|Any CPU
		{FFEFD83C-8B3B-4822-8F4A-4E15945E2247}.Debug|Any CPU.Build.0 = Debug|Any CPU
		{FFEFD83C-8B3B-4822-8F4A-4E15945E2247}.Debug|x64.ActiveCfg = Debug|Any CPU
		{FFEFD83C-8B3B-4822-8F4A-4E15945E2247}.Debug|x64.Build.0 = Debug|Any CPU
		{FFEFD83C-8B3B-4822-8F4A-4E15945E2247}.Debug|x86.ActiveCfg = Debug|Any CPU
		{FFEFD83C-8B3B-4822-8F4A-4E15945E2247}.Debug|x86.Build.0 = Debug|Any CPU
		{FFEFD83C-8B3B-4822-8F4A-4E15945E2247}.Release|Any CPU.ActiveCfg = Release|Any CPU
		{FFEFD83C-8B3B-4822-8F4A-4E15945E2247}.Release|Any CPU.Build.0 = Release|Any CPU
		{FFEFD83C-8B3B-4822-8F4A-4E15945E2247}.Release|x64.ActiveCfg = Release|Any CPU
		{FFEFD83C-8B3B-4822-8F4A-4E15945E2247}.Release|x64.Build.0 = Release|Any CPU
		{FFEFD83C-8B3B-4822-8F4A-4E15945E2247}.Release|x86.ActiveCfg = Release|Any CPU
		{FFEFD83C-8B3B-4822-8F4A-4E15945E2247}.Release|x86.Build.0 = Release|Any CPU
	EndGlobalSection
	GlobalSection(SolutionProperties) = preSolution
		HideSolutionNode = FALSE
	EndGlobalSection
	GlobalSection(NestedProjects) = preSolution
		{22739D04-4547-428D-8150-16620414C18C} = {E8ACC407-9C09-4D0E-89B0-13AC1DD27021}
		{56F073ED-BFD8-4BD8-B5C2-052DC8C13B2A} = {E8ACC407-9C09-4D0E-89B0-13AC1DD27021}
		{4260305C-1A5F-49C7-A9D5-C69129CFC899} = {E8ACC407-9C09-4D0E-89B0-13AC1DD27021}
		{FFEFD83C-8B3B-4822-8F4A-4E15945E2247} = {30AECB93-CF87-4258-A6C6-D895CB43FD87}
	EndGlobalSection
EndGlobal
